
Microsoft Visual Studio Solution File, Format Version 12.00
# Visual Studio Version 17
VisualStudioVersion = 17.0.31903.59
MinimumVisualStudioVersion = 10.0.40219.1
Project("{9A19103F-16F7-4668-BE54-9A1E7A4F7556}") = "Homework 2", "Homework 2\Homework 2.csproj", "{F45D2ED4-CF71-486E-BB07-2B44E76DED93}"
EndProject
Project("{9A19103F-16F7-4668-BE54-9A1E7A4F7556}") = "Task1", "Task1\Task1.csproj", "{C35BED09-F73F-425B-9C33-480CC6A24D9D}"
EndProject
Project("{9A19103F-16F7-4668-BE54-9A1E7A4F7556}") = "Task2", "Task2\Task2.csproj", "{6C24F026-5790-4CF1-A87E-08A283176A36}"
EndProject
Project("{9A19103F-16F7-4668-BE54-9A1E7A4F7556}") = "Task3", "Task3\Task3.csproj", "{1C19DDD3-0A4F-48EE-AF72-242A50B0F3F5}"
EndProject
Project("{9A19103F-16F7-4668-BE54-9A1E7A4F7556}") = "Task4", "Task4\Task4.csproj", "{425E9312-6EF2-48A6-AE4B-CEECF530CA4F}"
EndProject
Project("{9A19103F-16F7-4668-BE54-9A1E7A4F7556}") = "Task5", "Task5\Task5.csproj", "{9EC0E62F-4EC0-4923-8D92-2B583DD35BA2}"
EndProject
Project("{9A19103F-16F7-4668-BE54-9A1E7A4F7556}") = "Task6", "Task7\Task6.csproj", "{59D1043A-AFA0-430E-8F28-3FEE1D96C829}"
EndProject
Project("{9A19103F-16F7-4668-BE54-9A1E7A4F7556}") = "Task7 (new)", "Task7 (new)\Task7 (new).csproj", "{5FAACE98-57AD-435F-B7AC-8794DC65CA1B}"
EndProject
Project("{9A19103F-16F7-4668-BE54-9A1E7A4F7556}") = "Taks8", "Taks8\Taks8.csproj", "{542CA2AB-D734-4BB6-B8F4-1142C6A88654}"
EndProject
Project("{9A19103F-16F7-4668-BE54-9A1E7A4F7556}") = "Task9", "Task9\Task9.csproj", "{4B4F1C51-6601-4C9E-90C3-4ED2BED918D9}"
EndProject
Project("{9A19103F-16F7-4668-BE54-9A1E7A4F7556}") = "Task10", "Task10\Task10.csproj", "{885D0DD3-CE09-4D9B-B355-95A86BE8B84B}"
EndProject
Project("{9A19103F-16F7-4668-BE54-9A1E7A4F7556}") = "Task11", "Task11\Task11.csproj", "{2E9F61DE-1209-4A08-AE9D-8C3106DDB2EB}"
EndProject
Project("{9A19103F-16F7-4668-BE54-9A1E7A4F7556}") = "Task12", "Task12\Task12.csproj", "{745A8544-A031-4E1E-9E1D-DB8B898788A9}"
EndProject
Project("{9A19103F-16F7-4668-BE54-9A1E7A4F7556}") = "Task13", "Task13\Task13.csproj", "{BFD3AACD-1ED3-4668-B6FD-96319350630E}"
EndProject
Project("{9A19103F-16F7-4668-BE54-9A1E7A4F7556}") = "Task14", "Task14\Task14.csproj", "{5AD6070C-8124-464E-8F19-0BF17C33F5C5}"
EndProject
Project("{FAE04EC0-301F-11D3-BF4B-00C04F79EFBC}") = "Task15", "Task15\Task15.csproj", "{DC4688E1-53E7-49F6-B477-235C7E469911}"
EndProject
Global
	GlobalSection(SolutionConfigurationPlatforms) = preSolution
		Debug|Any CPU = Debug|Any CPU
		Release|Any CPU = Release|Any CPU
	EndGlobalSection
	GlobalSection(ProjectConfigurationPlatforms) = postSolution
		{F45D2ED4-CF71-486E-BB07-2B44E76DED93}.Debug|Any CPU.ActiveCfg = Debug|Any CPU
		{F45D2ED4-CF71-486E-BB07-2B44E76DED93}.Debug|Any CPU.Build.0 = Debug|Any CPU
		{F45D2ED4-CF71-486E-BB07-2B44E76DED93}.Release|Any CPU.ActiveCfg = Release|Any CPU
		{F45D2ED4-CF71-486E-BB07-2B44E76DED93}.Release|Any CPU.Build.0 = Release|Any CPU
		{C35BED09-F73F-425B-9C33-480CC6A24D9D}.Debug|Any CPU.ActiveCfg = Debug|Any CPU
		{C35BED09-F73F-425B-9C33-480CC6A24D9D}.Debug|Any CPU.Build.0 = Debug|Any CPU
		{C35BED09-F73F-425B-9C33-480CC6A24D9D}.Release|Any CPU.ActiveCfg = Release|Any CPU
		{C35BED09-F73F-425B-9C33-480CC6A24D9D}.Release|Any CPU.Build.0 = Release|Any CPU
		{6C24F026-5790-4CF1-A87E-08A283176A36}.Debug|Any CPU.ActiveCfg = Debug|Any CPU
		{6C24F026-5790-4CF1-A87E-08A283176A36}.Debug|Any CPU.Build.0 = Debug|Any CPU
		{6C24F026-5790-4CF1-A87E-08A283176A36}.Release|Any CPU.ActiveCfg = Release|Any CPU
		{6C24F026-5790-4CF1-A87E-08A283176A36}.Release|Any CPU.Build.0 = Release|Any CPU
		{1C19DDD3-0A4F-48EE-AF72-242A50B0F3F5}.Debug|Any CPU.ActiveCfg = Debug|Any CPU
		{1C19DDD3-0A4F-48EE-AF72-242A50B0F3F5}.Debug|Any CPU.Build.0 = Debug|Any CPU
		{1C19DDD3-0A4F-48EE-AF72-242A50B0F3F5}.Release|Any CPU.ActiveCfg = Release|Any CPU
		{1C19DDD3-0A4F-48EE-AF72-242A50B0F3F5}.Release|Any CPU.Build.0 = Release|Any CPU
		{425E9312-6EF2-48A6-AE4B-CEECF530CA4F}.Debug|Any CPU.ActiveCfg = Debug|Any CPU
		{425E9312-6EF2-48A6-AE4B-CEECF530CA4F}.Debug|Any CPU.Build.0 = Debug|Any CPU
		{425E9312-6EF2-48A6-AE4B-CEECF530CA4F}.Release|Any CPU.ActiveCfg = Release|Any CPU
		{425E9312-6EF2-48A6-AE4B-CEECF530CA4F}.Release|Any CPU.Build.0 = Release|Any CPU
		{9EC0E62F-4EC0-4923-8D92-2B583DD35BA2}.Debug|Any CPU.ActiveCfg = Debug|Any CPU
		{9EC0E62F-4EC0-4923-8D92-2B583DD35BA2}.Debug|Any CPU.Build.0 = Debug|Any CPU
		{9EC0E62F-4EC0-4923-8D92-2B583DD35BA2}.Release|Any CPU.ActiveCfg = Release|Any CPU
		{9EC0E62F-4EC0-4923-8D92-2B583DD35BA2}.Release|Any CPU.Build.0 = Release|Any CPU
		{59D1043A-AFA0-430E-8F28-3FEE1D96C829}.Debug|Any CPU.ActiveCfg = Debug|Any CPU
		{59D1043A-AFA0-430E-8F28-3FEE1D96C829}.Debug|Any CPU.Build.0 = Debug|Any CPU
		{59D1043A-AFA0-430E-8F28-3FEE1D96C829}.Release|Any CPU.ActiveCfg = Release|Any CPU
		{59D1043A-AFA0-430E-8F28-3FEE1D96C829}.Release|Any CPU.Build.0 = Release|Any CPU
		{5FAACE98-57AD-435F-B7AC-8794DC65CA1B}.Debug|Any CPU.ActiveCfg = Debug|Any CPU
		{5FAACE98-57AD-435F-B7AC-8794DC65CA1B}.Debug|Any CPU.Build.0 = Debug|Any CPU
		{5FAACE98-57AD-435F-B7AC-8794DC65CA1B}.Release|Any CPU.ActiveCfg = Release|Any CPU
		{5FAACE98-57AD-435F-B7AC-8794DC65CA1B}.Release|Any CPU.Build.0 = Release|Any CPU
		{542CA2AB-D734-4BB6-B8F4-1142C6A88654}.Debug|Any CPU.ActiveCfg = Debug|Any CPU
		{542CA2AB-D734-4BB6-B8F4-1142C6A88654}.Debug|Any CPU.Build.0 = Debug|Any CPU
		{542CA2AB-D734-4BB6-B8F4-1142C6A88654}.Release|Any CPU.ActiveCfg = Release|Any CPU
		{542CA2AB-D734-4BB6-B8F4-1142C6A88654}.Release|Any CPU.Build.0 = Release|Any CPU
		{4B4F1C51-6601-4C9E-90C3-4ED2BED918D9}.Debug|Any CPU.ActiveCfg = Debug|Any CPU
		{4B4F1C51-6601-4C9E-90C3-4ED2BED918D9}.Debug|Any CPU.Build.0 = Debug|Any CPU
		{4B4F1C51-6601-4C9E-90C3-4ED2BED918D9}.Release|Any CPU.ActiveCfg = Release|Any CPU
		{4B4F1C51-6601-4C9E-90C3-4ED2BED918D9}.Release|Any CPU.Build.0 = Release|Any CPU
		{885D0DD3-CE09-4D9B-B355-95A86BE8B84B}.Debug|Any CPU.ActiveCfg = Debug|Any CPU
		{885D0DD3-CE09-4D9B-B355-95A86BE8B84B}.Debug|Any CPU.Build.0 = Debug|Any CPU
		{885D0DD3-CE09-4D9B-B355-95A86BE8B84B}.Release|Any CPU.ActiveCfg = Release|Any CPU
		{885D0DD3-CE09-4D9B-B355-95A86BE8B84B}.Release|Any CPU.Build.0 = Release|Any CPU
		{2E9F61DE-1209-4A08-AE9D-8C3106DDB2EB}.Debug|Any CPU.ActiveCfg = Debug|Any CPU
		{2E9F61DE-1209-4A08-AE9D-8C3106DDB2EB}.Debug|Any CPU.Build.0 = Debug|Any CPU
		{2E9F61DE-1209-4A08-AE9D-8C3106DDB2EB}.Release|Any CPU.ActiveCfg = Release|Any CPU
		{2E9F61DE-1209-4A08-AE9D-8C3106DDB2EB}.Release|Any CPU.Build.0 = Release|Any CPU
		{745A8544-A031-4E1E-9E1D-DB8B898788A9}.Debug|Any CPU.ActiveCfg = Debug|Any CPU
		{745A8544-A031-4E1E-9E1D-DB8B898788A9}.Debug|Any CPU.Build.0 = Debug|Any CPU
		{745A8544-A031-4E1E-9E1D-DB8B898788A9}.Release|Any CPU.ActiveCfg = Release|Any CPU
		{745A8544-A031-4E1E-9E1D-DB8B898788A9}.Release|Any CPU.Build.0 = Release|Any CPU
		{BFD3AACD-1ED3-4668-B6FD-96319350630E}.Debug|Any CPU.ActiveCfg = Debug|Any CPU
		{BFD3AACD-1ED3-4668-B6FD-96319350630E}.Debug|Any CPU.Build.0 = Debug|Any CPU
		{BFD3AACD-1ED3-4668-B6FD-96319350630E}.Release|Any CPU.ActiveCfg = Release|Any CPU
		{BFD3AACD-1ED3-4668-B6FD-96319350630E}.Release|Any CPU.Build.0 = Release|Any CPU
		{5AD6070C-8124-464E-8F19-0BF17C33F5C5}.Debug|Any CPU.ActiveCfg = Debug|Any CPU
		{5AD6070C-8124-464E-8F19-0BF17C33F5C5}.Debug|Any CPU.Build.0 = Debug|Any CPU
		{5AD6070C-8124-464E-8F19-0BF17C33F5C5}.Release|Any CPU.ActiveCfg = Release|Any CPU
		{5AD6070C-8124-464E-8F19-0BF17C33F5C5}.Release|Any CPU.Build.0 = Release|Any CPU
		{DC4688E1-53E7-49F6-B477-235C7E469911}.Debug|Any CPU.ActiveCfg = Debug|Any CPU
		{DC4688E1-53E7-49F6-B477-235C7E469911}.Debug|Any CPU.Build.0 = Debug|Any CPU
		{DC4688E1-53E7-49F6-B477-235C7E469911}.Release|Any CPU.ActiveCfg = Release|Any CPU
		{DC4688E1-53E7-49F6-B477-235C7E469911}.Release|Any CPU.Build.0 = Release|Any CPU
	EndGlobalSection
	GlobalSection(SolutionProperties) = preSolution
		HideSolutionNode = FALSE
	EndGlobalSection
	GlobalSection(ExtensibilityGlobals) = postSolution
		SolutionGuid = {50D2FB01-1681-4AA5-AC99-9C52733834F1}
	EndGlobalSection
EndGlobal
